// !$*UTF8*$!
{
	archiveVersion = 1;
	classes = {
	};
	objectVersion = 55;
	objects = {

/* Begin PBXBuildFile section */
		9BBB154B28E839E2002D02F0 /* start.txt in Resources */ = {isa = PBXBuildFile; fileRef = 9BBB154A28E839E2002D02F0 /* start.txt */; };
		9BF33A5328E5E40F00978D9E /* Word_ScrambleApp.swift in Sources */ = {isa = PBXBuildFile; fileRef = 9BF33A5228E5E40F00978D9E /* Word_ScrambleApp.swift */; };
		9BF33A5528E5E40F00978D9E /* ContentView.swift in Sources */ = {isa = PBXBuildFile; fileRef = 9BF33A5428E5E40F00978D9E /* ContentView.swift */; };
		9BF33A5728E5E41100978D9E /* Assets.xcassets in Resources */ = {isa = PBXBuildFile; fileRef = 9BF33A5628E5E41100978D9E /* Assets.xcassets */; };
		9BF33A5A28E5E41100978D9E /* Preview Assets.xcassets in Resources */ = {isa = PBXBuildFile; fileRef = 9BF33A5928E5E41100978D9E /* Preview Assets.xcassets */; };
		9BF33A6428E5E41200978D9E /* Word_ScrambleTests.swift in Sources */ = {isa = PBXBuildFile; fileRef = 9BF33A6328E5E41200978D9E /* Word_ScrambleTests.swift */; };
		9BF33A6E28E5E41200978D9E /* Word_ScrambleUITests.swift in Sources */ = {isa = PBXBuildFile; fileRef = 9BF33A6D28E5E41200978D9E /* Word_ScrambleUITests.swift */; };
		9BF33A7028E5E41200978D9E /* Word_ScrambleUITestsLaunchTests.swift in Sources */ = {isa = PBXBuildFile; fileRef = 9BF33A6F28E5E41200978D9E /* Word_ScrambleUITestsLaunchTests.swift */; };
/* End PBXBuildFile section */

/* Begin PBXContainerItemProxy section */
		9BF33A6028E5E41200978D9E /* PBXContainerItemProxy */ = {
			isa = PBXContainerItemProxy;
			containerPortal = 9BF33A4728E5E40F00978D9E /* Project object */;
			proxyType = 1;
			remoteGlobalIDString = 9BF33A4E28E5E40F00978D9E;
			remoteInfo = "Word Scramble";
		};
		9BF33A6A28E5E41200978D9E /* PBXContainerItemProxy */ = {
			isa = PBXContainerItemProxy;
			containerPortal = 9BF33A4728E5E40F00978D9E /* Project object */;
			proxyType = 1;
			remoteGlobalIDString = 9BF33A4E28E5E40F00978D9E;
			remoteInfo = "Word Scramble";
		};
/* End PBXContainerItemProxy section */

/* Begin PBXFileReference section */
		9BBB154A28E839E2002D02F0 /* start.txt */ = {isa = PBXFileReference; fileEncoding = 4; lastKnownFileType = text; path = start.txt; sourceTree = "<group>"; };
		9BF33A4F28E5E40F00978D9E /* Word Scramble.app */ = {isa = PBXFileReference; explicitFileType = wrapper.application; includeInIndex = 0; path = "Word Scramble.app"; sourceTree = BUILT_PRODUCTS_DIR; };
		9BF33A5228E5E40F00978D9E /* Word_ScrambleApp.swift */ = {isa = PBXFileReference; lastKnownFileType = sourcecode.swift; path = Word_ScrambleApp.swift; sourceTree = "<group>"; };
		9BF33A5428E5E40F00978D9E /* ContentView.swift */ = {isa = PBXFileReference; lastKnownFileType = sourcecode.swift; path = ContentView.swift; sourceTree = "<group>"; };
		9BF33A5628E5E41100978D9E /* Assets.xcassets */ = {isa = PBXFileReference; lastKnownFileType = folder.assetcatalog; path = Assets.xcassets; sourceTree = "<group>"; };
		9BF33A5928E5E41100978D9E /* Preview Assets.xcassets */ = {isa = PBXFileReference; lastKnownFileType = folder.assetcatalog; path = "Preview Assets.xcassets"; sourceTree = "<group>"; };
		9BF33A5F28E5E41200978D9E /* Word ScrambleTests.xctest */ = {isa = PBXFileReference; explicitFileType = wrapper.cfbundle; includeInIndex = 0; path = "Word ScrambleTests.xctest"; sourceTree = BUILT_PRODUCTS_DIR; };
		9BF33A6328E5E41200978D9E /* Word_ScrambleTests.swift */ = {isa = PBXFileReference; lastKnownFileType = sourcecode.swift; path = Word_ScrambleTests.swift; sourceTree = "<group>"; };
		9BF33A6928E5E41200978D9E /* Word ScrambleUITests.xctest */ = {isa = PBXFileReference; explicitFileType = wrapper.cfbundle; includeInIndex = 0; path = "Word ScrambleUITests.xctest"; sourceTree = BUILT_PRODUCTS_DIR; };
		9BF33A6D28E5E41200978D9E /* Word_ScrambleUITests.swift */ = {isa = PBXFileReference; lastKnownFileType = sourcecode.swift; path = Word_ScrambleUITests.swift; sourceTree = "<group>"; };
		9BF33A6F28E5E41200978D9E /* Word_ScrambleUITestsLaunchTests.swift */ = {isa = PBXFileReference; lastKnownFileType = sourcecode.swift; path = Word_ScrambleUITestsLaunchTests.swift; sourceTree = "<group>"; };
/* End PBXFileReference section */

/* Begin PBXFrameworksBuildPhase section */
		9BF33A4C28E5E40F00978D9E /* Frameworks */ = {
			isa = PBXFrameworksBuildPhase;
			buildActionMask = 2147483647;
			files = (
			);
			runOnlyForDeploymentPostprocessing = 0;
		};
		9BF33A5C28E5E41200978D9E /* Frameworks */ = {
			isa = PBXFrameworksBuildPhase;
			buildActionMask = 2147483647;
			files = (
			);
			runOnlyForDeploymentPostprocessing = 0;
		};
		9BF33A6628E5E41200978D9E /* Frameworks */ = {
			isa = PBXFrameworksBuildPhase;
			buildActionMask = 2147483647;
			files = (
			);
			runOnlyForDeploymentPostprocessing = 0;
		};
/* End PBXFrameworksBuildPhase section */

/* Begin PBXGroup section */
		9BF33A4628E5E40F00978D9E = {
			isa = PBXGroup;
			children = (
				9BF33A5128E5E40F00978D9E /* Word Scramble */,
				9BF33A6228E5E41200978D9E /* Word ScrambleTests */,
				9BF33A6C28E5E41200978D9E /* Word ScrambleUITests */,
				9BF33A5028E5E40F00978D9E /* Products */,
			);
			sourceTree = "<group>";
		};
		9BF33A5028E5E40F00978D9E /* Products */ = {
			isa = PBXGroup;
			children = (
				9BF33A4F28E5E40F00978D9E /* Word Scramble.app */,
				9BF33A5F28E5E41200978D9E /* Word ScrambleTests.xctest */,
				9BF33A6928E5E41200978D9E /* Word ScrambleUITests.xctest */,
			);
			name = Products;
			sourceTree = "<group>";
		};
		9BF33A5128E5E40F00978D9E /* Word Scramble */ = {
			isa = PBXGroup;
			children = (
				9BF33A5228E5E40F00978D9E /* Word_ScrambleApp.swift */,
				9BF33A5428E5E40F00978D9E /* ContentView.swift */,
				9BBB154A28E839E2002D02F0 /* start.txt */,
				9BF33A5628E5E41100978D9E /* Assets.xcassets */,
				9BF33A5828E5E41100978D9E /* Preview Content */,
			);
			path = "Word Scramble";
			sourceTree = "<group>";
		};
		9BF33A5828E5E41100978D9E /* Preview Content */ = {
			isa = PBXGroup;
			children = (
				9BF33A5928E5E41100978D9E /* Preview Assets.xcassets */,
			);
			path = "Preview Content";
			sourceTree = "<group>";
		};
		9BF33A6228E5E41200978D9E /* Word ScrambleTests */ = {
			isa = PBXGroup;
			children = (
				9BF33A6328E5E41200978D9E /* Word_ScrambleTests.swift */,
			);
			path = "Word ScrambleTests";
			sourceTree = "<group>";
		};
		9BF33A6C28E5E41200978D9E /* Word ScrambleUITests */ = {
			isa = PBXGroup;
			children = (
				9BF33A6D28E5E41200978D9E /* Word_ScrambleUITests.swift */,
				9BF33A6F28E5E41200978D9E /* Word_ScrambleUITestsLaunchTests.swift */,
			);
			path = "Word ScrambleUITests";
			sourceTree = "<group>";
		};
/* End PBXGroup section */

/* Begin PBXNativeTarget section */
		9BF33A4E28E5E40F00978D9E /* Word Scramble */ = {
			isa = PBXNativeTarget;
			buildConfigurationList = 9BF33A7328E5E41200978D9E /* Build configuration list for PBXNativeTarget "Word Scramble" */;
			buildPhases = (
				9BF33A4B28E5E40F00978D9E /* Sources */,
				9BF33A4C28E5E40F00978D9E /* Frameworks */,
				9BF33A4D28E5E40F00978D9E /* Resources */,
			);
			buildRules = (
			);
			dependencies = (
			);
			name = "Word Scramble";
			productName = "Word Scramble";
			productReference = 9BF33A4F28E5E40F00978D9E /* Word Scramble.app */;
			productType = "com.apple.product-type.application";
		};
		9BF33A5E28E5E41200978D9E /* Word ScrambleTests */ = {
			isa = PBXNativeTarget;
			buildConfigurationList = 9BF33A7628E5E41200978D9E /* Build configuration list for PBXNativeTarget "Word ScrambleTests" */;
			buildPhases = (
				9BF33A5B28E5E41200978D9E /* Sources */,
				9BF33A5C28E5E41200978D9E /* Frameworks */,
				9BF33A5D28E5E41200978D9E /* Resources */,
			);
			buildRules = (
			);
			dependencies = (
				9BF33A6128E5E41200978D9E /* PBXTargetDependency */,
			);
			name = "Word ScrambleTests";
			productName = "Word ScrambleTests";
			productReference = 9BF33A5F28E5E41200978D9E /* Word ScrambleTests.xctest */;
			productType = "com.apple.product-type.bundle.unit-test";
		};
		9BF33A6828E5E41200978D9E /* Word ScrambleUITests */ = {
			isa = PBXNativeTarget;
			buildConfigurationList = 9BF33A7928E5E41200978D9E /* Build configuration list for PBXNativeTarget "Word ScrambleUITests" */;
			buildPhases = (
				9BF33A6528E5E41200978D9E /* Sources */,
				9BF33A6628E5E41200978D9E /* Frameworks */,
				9BF33A6728E5E41200978D9E /* Resources */,
			);
			buildRules = (
			);
			dependencies = (
				9BF33A6B28E5E41200978D9E /* PBXTargetDependency */,
			);
			name = "Word ScrambleUITests";
			productName = "Word ScrambleUITests";
			productReference = 9BF33A6928E5E41200978D9E /* Word ScrambleUITests.xctest */;
			productType = "com.apple.product-type.bundle.ui-testing";
		};
/* End PBXNativeTarget section */

/* Begin PBXProject section */
		9BF33A4728E5E40F00978D9E /* Project object */ = {
			isa = PBXProject;
			attributes = {
				BuildIndependentTargetsInParallel = 1;
				LastSwiftUpdateCheck = 1340;
				LastUpgradeCheck = 1340;
				TargetAttributes = {
					9BF33A4E28E5E40F00978D9E = {
						CreatedOnToolsVersion = 13.4.1;
					};
					9BF33A5E28E5E41200978D9E = {
						CreatedOnToolsVersion = 13.4.1;
						TestTargetID = 9BF33A4E28E5E40F00978D9E;
					};
					9BF33A6828E5E41200978D9E = {
						CreatedOnToolsVersion = 13.4.1;
						TestTargetID = 9BF33A4E28E5E40F00978D9E;
					};
				};
			};
			buildConfigurationList = 9BF33A4A28E5E40F00978D9E /* Build configuration list for PBXProject "Word Scramble" */;
			compatibilityVersion = "Xcode 13.0";
			developmentRegion = en;
			hasScannedForEncodings = 0;
			knownRegions = (
				en,
				Base,
			);
			mainGroup = 9BF33A4628E5E40F00978D9E;
			productRefGroup = 9BF33A5028E5E40F00978D9E /* Products */;
			projectDirPath = "";
			projectRoot = "";
			targets = (
				9BF33A4E28E5E40F00978D9E /* Word Scramble */,
				9BF33A5E28E5E41200978D9E /* Word ScrambleTests */,
				9BF33A6828E5E41200978D9E /* Word ScrambleUITests */,
			);
		};
/* End PBXProject section */

/* Begin PBXResourcesBuildPhase section */
		9BF33A4D28E5E40F00978D9E /* Resources */ = {
			isa = PBXResourcesBuildPhase;
			buildActionMask = 2147483647;
			files = (
				9BF33A5A28E5E41100978D9E /* Preview Assets.xcassets in Resources */,
				9BBB154B28E839E2002D02F0 /* start.txt in Resources */,
				9BF33A5728E5E41100978D9E /* Assets.xcassets in Resources */,
			);
			runOnlyForDeploymentPostprocessing = 0;
		};
		9BF33A5D28E5E41200978D9E /* Resources */ = {
			isa = PBXResourcesBuildPhase;
			buildActionMask = 2147483647;
			files = (
			);
			runOnlyForDeploymentPostprocessing = 0;
		};
		9BF33A6728E5E41200978D9E /* Resources */ = {
			isa = PBXResourcesBuildPhase;
			buildActionMask = 2147483647;
			files = (
			);
			runOnlyForDeploymentPostprocessing = 0;
		};
/* End PBXResourcesBuildPhase section */

/* Begin PBXSourcesBuildPhase section */
		9BF33A4B28E5E40F00978D9E /* Sources */ = {
			isa = PBXSourcesBuildPhase;
			buildActionMask = 2147483647;
			files = (
				9BF33A5528E5E40F00978D9E /* ContentView.swift in Sources */,
				9BF33A5328E5E40F00978D9E /* Word_ScrambleApp.swift in Sources */,
			);
			runOnlyForDeploymentPostprocessing = 0;
		};
		9BF33A5B28E5E41200978D9E /* Sources */ = {
			isa = PBXSourcesBuildPhase;
			buildActionMask = 2147483647;
			files = (
				9BF33A6428E5E41200978D9E /* Word_ScrambleTests.swift in Sources */,
			);
			runOnlyForDeploymentPostprocessing = 0;
		};
		9BF33A6528E5E41200978D9E /* Sources */ = {
			isa = PBXSourcesBuildPhase;
			buildActionMask = 2147483647;
			files = (
				9BF33A6E28E5E41200978D9E /* Word_ScrambleUITests.swift in Sources */,
				9BF33A7028E5E41200978D9E /* Word_ScrambleUITestsLaunchTests.swift in Sources */,
			);
			runOnlyForDeploymentPostprocessing = 0;
		};
/* End PBXSourcesBuildPhase section */

/* Begin PBXTargetDependency section */
		9BF33A6128E5E41200978D9E /* PBXTargetDependency */ = {
			isa = PBXTargetDependency;
			target = 9BF33A4E28E5E40F00978D9E /* Word Scramble */;
			targetProxy = 9BF33A6028E5E41200978D9E /* PBXContainerItemProxy */;
		};
		9BF33A6B28E5E41200978D9E /* PBXTargetDependency */ = {
			isa = PBXTargetDependency;
			target = 9BF33A4E28E5E40F00978D9E /* Word Scramble */;
			targetProxy = 9BF33A6A28E5E41200978D9E /* PBXContainerItemProxy */;
		};
/* End PBXTargetDependency section */

/* Begin XCBuildConfiguration section */
		9BF33A7128E5E41200978D9E /* Debug */ = {
			isa = XCBuildConfiguration;
			buildSettings = {
				ALWAYS_SEARCH_USER_PATHS = NO;
				CLANG_ANALYZER_NONNULL = YES;
				CLANG_ANALYZER_NUMBER_OBJECT_CONVERSION = YES_AGGRESSIVE;
				CLANG_CXX_LANGUAGE_STANDARD = "gnu++17";
				CLANG_ENABLE_MODULES = YES;
				CLANG_ENABLE_OBJC_ARC = YES;
				CLANG_ENABLE_OBJC_WEAK = YES;
				CLANG_WARN_BLOCK_CAPTURE_AUTORELEASING = YES;
				CLANG_WARN_BOOL_CONVERSION = YES;
				CLANG_WARN_COMMA = YES;
				CLANG_WARN_CONSTANT_CONVERSION = YES;
				CLANG_WARN_DEPRECATED_OBJC_IMPLEMENTATIONS = YES;
				CLANG_WARN_DIRECT_OBJC_ISA_USAGE = YES_ERROR;
				CLANG_WARN_DOCUMENTATION_COMMENTS = YES;
				CLANG_WARN_EMPTY_BODY = YES;
				CLANG_WARN_ENUM_CONVERSION = YES;
				CLANG_WARN_INFINITE_RECURSION = YES;
				CLANG_WARN_INT_CONVERSION = YES;
				CLANG_WARN_NON_LITERAL_NULL_CONVERSION = YES;
				CLANG_WARN_OBJC_IMPLICIT_RETAIN_SELF = YES;
				CLANG_WARN_OBJC_LITERAL_CONVERSION = YES;
				CLANG_WARN_OBJC_ROOT_CLASS = YES_ERROR;
				CLANG_WARN_QUOTED_INCLUDE_IN_FRAMEWORK_HEADER = YES;
				CLANG_WARN_RANGE_LOOP_ANALYSIS = YES;
				CLANG_WARN_STRICT_PROTOTYPES = YES;
				CLANG_WARN_SUSPICIOUS_MOVE = YES;
				CLANG_WARN_UNGUARDED_AVAILABILITY = YES_AGGRESSIVE;
				CLANG_WARN_UNREACHABLE_CODE = YES;
				CLANG_WARN__DUPLICATE_METHOD_MATCH = YES;
				COPY_PHASE_STRIP = NO;
				DEBUG_INFORMATION_FORMAT = dwarf;
				ENABLE_STRICT_OBJC_MSGSEND = YES;
				ENABLE_TESTABILITY = YES;
				GCC_C_LANGUAGE_STANDARD = gnu11;
				GCC_DYNAMIC_NO_PIC = NO;
				GCC_NO_COMMON_BLOCKS = YES;
				GCC_OPTIMIZATION_LEVEL = 0;
				GCC_PREPROCESSOR_DEFINITIONS = (
					"DEBUG=1",
					"$(inherited)",
				);
				GCC_WARN_64_TO_32_BIT_CONVERSION = YES;
				GCC_WARN_ABOUT_RETURN_TYPE = YES_ERROR;
				GCC_WARN_UNDECLARED_SELECTOR = YES;
				GCC_WARN_UNINITIALIZED_AUTOS = YES_AGGRESSIVE;
				GCC_WARN_UNUSED_FUNCTION = YES;
				GCC_WARN_UNUSED_VARIABLE = YES;
				IPHONEOS_DEPLOYMENT_TARGET = 15.5;
				MTL_ENABLE_DEBUG_INFO = INCLUDE_SOURCE;
				MTL_FAST_MATH = YES;
				ONLY_ACTIVE_ARCH = YES;
				SDKROOT = iphoneos;
				SWIFT_ACTIVE_COMPILATION_CONDITIONS = DEBUG;
				SWIFT_OPTIMIZATION_LEVEL = "-Onone";
			};
			name = Debug;
		};
		9BF33A7228E5E41200978D9E /* Release */ = {
			isa = XCBuildConfiguration;
			buildSettings = {
				ALWAYS_SEARCH_USER_PATHS = NO;
				CLANG_ANALYZER_NONNULL = YES;
				CLANG_ANALYZER_NUMBER_OBJECT_CONVERSION = YES_AGGRESSIVE;
				CLANG_CXX_LANGUAGE_STANDARD = "gnu++17";
				CLANG_ENABLE_MODULES = YES;
				CLANG_ENABLE_OBJC_ARC = YES;
				CLANG_ENABLE_OBJC_WEAK = YES;
				CLANG_WARN_BLOCK_CAPTURE_AUTORELEASING = YES;
				CLANG_WARN_BOOL_CONVERSION = YES;
				CLANG_WARN_COMMA = YES;
				CLANG_WARN_CONSTANT_CONVERSION = YES;
				CLANG_WARN_DEPRECATED_OBJC_IMPLEMENTATIONS = YES;
				CLANG_WARN_DIRECT_OBJC_ISA_USAGE = YES_ERROR;
				CLANG_WARN_DOCUMENTATION_COMMENTS = YES;
				CLANG_WARN_EMPTY_BODY = YES;
				CLANG_WARN_ENUM_CONVERSION = YES;
				CLANG_WARN_INFINITE_RECURSION = YES;
				CLANG_WARN_INT_CONVERSION = YES;
				CLANG_WARN_NON_LITERAL_NULL_CONVERSION = YES;
				CLANG_WARN_OBJC_IMPLICIT_RETAIN_SELF = YES;
				CLANG_WARN_OBJC_LITERAL_CONVERSION = YES;
				CLANG_WARN_OBJC_ROOT_CLASS = YES_ERROR;
				CLANG_WARN_QUOTED_INCLUDE_IN_FRAMEWORK_HEADER = YES;
				CLANG_WARN_RANGE_LOOP_ANALYSIS = YES;
				CLANG_WARN_STRICT_PROTOTYPES = YES;
				CLANG_WARN_SUSPICIOUS_MOVE = YES;
				CLANG_WARN_UNGUARDED_AVAILABILITY = YES_AGGRESSIVE;
				CLANG_WARN_UNREACHABLE_CODE = YES;
				CLANG_WARN__DUPLICATE_METHOD_MATCH = YES;
				COPY_PHASE_STRIP = NO;
				DEBUG_INFORMATION_FORMAT = "dwarf-with-dsym";
				ENABLE_NS_ASSERTIONS = NO;
				ENABLE_STRICT_OBJC_MSGSEND = YES;
				GCC_C_LANGUAGE_STANDARD = gnu11;
				GCC_NO_COMMON_BLOCKS = YES;
				GCC_WARN_64_TO_32_BIT_CONVERSION = YES;
				GCC_WARN_ABOUT_RETURN_TYPE = YES_ERROR;
				GCC_WARN_UNDECLARED_SELECTOR = YES;
				GCC_WARN_UNINITIALIZED_AUTOS = YES_AGGRESSIVE;
				GCC_WARN_UNUSED_FUNCTION = YES;
				GCC_WARN_UNUSED_VARIABLE = YES;
				IPHONEOS_DEPLOYMENT_TARGET = 15.5;
				MTL_ENABLE_DEBUG_INFO = NO;
				MTL_FAST_MATH = YES;
				SDKROOT = iphoneos;
				SWIFT_COMPILATION_MODE = wholemodule;
				SWIFT_OPTIMIZATION_LEVEL = "-O";
				VALIDATE_PRODUCT = YES;
			};
			name = Release;
		};
		9BF33A7428E5E41200978D9E /* Debug */ = {
			isa = XCBuildConfiguration;
			buildSettings = {
				ASSETCATALOG_COMPILER_APPICON_NAME = AppIcon;
				ASSETCATALOG_COMPILER_GLOBAL_ACCENT_COLOR_NAME = AccentColor;
				CODE_SIGN_STYLE = Automatic;
				CURRENT_PROJECT_VERSION = 1;
				DEVELOPMENT_ASSET_PATHS = "\"Word Scramble/Preview Content\"";
				DEVELOPMENT_TEAM = J4T625G8P8;
				ENABLE_PREVIEWS = YES;
				GENERATE_INFOPLIST_FILE = YES;
				INFOPLIST_KEY_UIApplicationSceneManifest_Generation = YES;
				INFOPLIST_KEY_UIApplicationSupportsIndirectInputEvents = YES;
				INFOPLIST_KEY_UILaunchScreen_Generation = YES;
				INFOPLIST_KEY_UISupportedInterfaceOrientations_iPad = "UIInterfaceOrientationPortrait UIInterfaceOrientationPortraitUpsideDown UIInterfaceOrientationLandscapeLeft UIInterfaceOrientationLandscapeRight";
				INFOPLIST_KEY_UISupportedInterfaceOrientations_iPhone = "UIInterfaceOrientationPortrait UIInterfaceOrientationLandscapeLeft UIInterfaceOrientationLandscapeRight";
				LD_RUNPATH_SEARCH_PATHS = (
					"$(inherited)",
					"@executable_path/Frameworks",
				);
				MARKETING_VERSION = 1.0;
				PRODUCT_BUNDLE_IDENTIFIER = "com.dormakaba.Word-Scramble";
				PRODUCT_NAME = "$(TARGET_NAME)";
				SWIFT_EMIT_LOC_STRINGS = YES;
				SWIFT_VERSION = 5.0;
				TARGETED_DEVICE_FAMILY = "1,2";
			};
			name = Debug;
		};
		9BF33A7528E5E41200978D9E /* Release */ = {
			isa = XCBuildConfiguration;
			buildSettings = {
				ASSETCATALOG_COMPILER_APPICON_NAME = AppIcon;
				ASSETCATALOG_COMPILER_GLOBAL_ACCENT_COLOR_NAME = AccentColor;
				CODE_SIGN_STYLE = Automatic;
				CURRENT_PROJECT_VERSION = 1;
				DEVELOPMENT_ASSET_PATHS = "\"Word Scramble/Preview Content\"";
				DEVELOPMENT_TEAM = J4T625G8P8;
				ENABLE_PREVIEWS = YES;
				GENERATE_INFOPLIST_FILE = YES;
				INFOPLIST_KEY_UIApplicationSceneManifest_Generation = YES;
				INFOPLIST_KEY_UIApplicationSupportsIndirectInputEvents = YES;
				INFOPLIST_KEY_UILaunchScreen_Generation = YES;
				INFOPLIST_KEY_UISupportedInterfaceOrientations_iPad = "UIInterfaceOrientationPortrait UIInterfaceOrientationPortraitUpsideDown UIInterfaceOrientationLandscapeLeft UIInterfaceOrientationLandscapeRight";
				INFOPLIST_KEY_UISupportedInterfaceOrientations_iPhone = "UIInterfaceOrientationPortrait UIInterfaceOrientationLandscapeLeft UIInterfaceOrientationLandscapeRight";
				LD_RUNPATH_SEARCH_PATHS = (
					"$(inherited)",
					"@executable_path/Frameworks",
				);
				MARKETING_VERSION = 1.0;
				PRODUCT_BUNDLE_IDENTIFIER = "com.dormakaba.Word-Scramble";
				PRODUCT_NAME = "$(TARGET_NAME)";
				SWIFT_EMIT_LOC_STRINGS = YES;
				SWIFT_VERSION = 5.0;
				TARGETED_DEVICE_FAMILY = "1,2";
			};
			name = Release;
		};
		9BF33A7728E5E41200978D9E /* Debug */ = {
			isa = XCBuildConfiguration;
			buildSettings = {
				ALWAYS_EMBED_SWIFT_STANDARD_LIBRARIES = YES;
				BUNDLE_LOADER = "$(TEST_HOST)";
				CODE_SIGN_STYLE = Automatic;
				CURRENT_PROJECT_VERSION = 1;
				DEVELOPMENT_TEAM = J4T625G8P8;
				GENERATE_INFOPLIST_FILE = YES;
				IPHONEOS_DEPLOYMENT_TARGET = 15.5;
				MARKETING_VERSION = 1.0;
				PRODUCT_BUNDLE_IDENTIFIER = "com.dormakaba.Word-ScrambleTests";
				PRODUCT_NAME = "$(TARGET_NAME)";
				SWIFT_EMIT_LOC_STRINGS = NO;
				SWIFT_VERSION = 5.0;
				TARGETED_DEVICE_FAMILY = "1,2";
				TEST_HOST = "$(BUILT_PRODUCTS_DIR)/Word Scramble.app/Word Scramble";
			};
			name = Debug;
		};
		9BF33A7828E5E41200978D9E /* Release */ = {
			isa = XCBuildConfiguration;
			buildSettings = {
				ALWAYS_EMBED_SWIFT_STANDARD_LIBRARIES = YES;
				BUNDLE_LOADER = "$(TEST_HOST)";
				CODE_SIGN_STYLE = Automatic;
				CURRENT_PROJECT_VERSION = 1;
				DEVELOPMENT_TEAM = J4T625G8P8;
				GENERATE_INFOPLIST_FILE = YES;
				IPHONEOS_DEPLOYMENT_TARGET = 15.5;
				MARKETING_VERSION = 1.0;
				PRODUCT_BUNDLE_IDENTIFIER = "com.dormakaba.Word-ScrambleTests";
				PRODUCT_NAME = "$(TARGET_NAME)";
				SWIFT_EMIT_LOC_STRINGS = NO;
				SWIFT_VERSION = 5.0;
				TARGETED_DEVICE_FAMILY = "1,2";
				TEST_HOST = "$(BUILT_PRODUCTS_DIR)/Word Scramble.app/Word Scramble";
			};
			name = Release;
		};
		9BF33A7A28E5E41200978D9E /* Debug */ = {
			isa = XCBuildConfiguration;
			buildSettings = {
				ALWAYS_EMBED_SWIFT_STANDARD_LIBRARIES = YES;
				CODE_SIGN_STYLE = Automatic;
				CURRENT_PROJECT_VERSION = 1;
				DEVELOPMENT_TEAM = J4T625G8P8;
				GENERATE_INFOPLIST_FILE = YES;
				MARKETING_VERSION = 1.0;
				PRODUCT_BUNDLE_IDENTIFIER = "com.dormakaba.Word-ScrambleUITests";
				PRODUCT_NAME = "$(TARGET_NAME)";
				SWIFT_EMIT_LOC_STRINGS = NO;
				SWIFT_VERSION = 5.0;
				TARGETED_DEVICE_FAMILY = "1,2";
				TEST_TARGET_NAME = "Word Scramble";
			};
			name = Debug;
		};
		9BF33A7B28E5E41200978D9E /* Release */ = {
			isa = XCBuildConfiguration;
			buildSettings = {
				ALWAYS_EMBED_SWIFT_STANDARD_LIBRARIES = YES;
				CODE_SIGN_STYLE = Automatic;
				CURRENT_PROJECT_VERSION = 1;
				DEVELOPMENT_TEAM = J4T625G8P8;
				GENERATE_INFOPLIST_FILE = YES;
				MARKETING_VERSION = 1.0;
				PRODUCT_BUNDLE_IDENTIFIER = "com.dormakaba.Word-ScrambleUITests";
				PRODUCT_NAME = "$(TARGET_NAME)";
				SWIFT_EMIT_LOC_STRINGS = NO;
				SWIFT_VERSION = 5.0;
				TARGETED_DEVICE_FAMILY = "1,2";
				TEST_TARGET_NAME = "Word Scramble";
			};
			name = Release;
		};
/* End XCBuildConfiguration section */

/* Begin XCConfigurationList section */
		9BF33A4A28E5E40F00978D9E /* Build configuration list for PBXProject "Word Scramble" */ = {
			isa = XCConfigurationList;
			buildConfigurations = (
				9BF33A7128E5E41200978D9E /* Debug */,
				9BF33A7228E5E41200978D9E /* Release */,
			);
			defaultConfigurationIsVisible = 0;
			defaultConfigurationName = Release;
		};
		9BF33A7328E5E41200978D9E /* Build configuration list for PBXNativeTarget "Word Scramble" */ = {
			isa = XCConfigurationList;
			buildConfigurations = (
				9BF33A7428E5E41200978D9E /* Debug */,
				9BF33A7528E5E41200978D9E /* Release */,
			);
			defaultConfigurationIsVisible = 0;
			defaultConfigurationName = Release;
		};
		9BF33A7628E5E41200978D9E /* Build configuration list for PBXNativeTarget "Word ScrambleTests" */ = {
			isa = XCConfigurationList;
			buildConfigurations = (
				9BF33A7728E5E41200978D9E /* Debug */,
				9BF33A7828E5E41200978D9E /* Release */,
			);
			defaultConfigurationIsVisible = 0;
			defaultConfigurationName = Release;
		};
		9BF33A7928E5E41200978D9E /* Build configuration list for PBXNativeTarget "Word ScrambleUITests" */ = {
			isa = XCConfigurationList;
			buildConfigurations = (
				9BF33A7A28E5E41200978D9E /* Debug */,
				9BF33A7B28E5E41200978D9E /* Release */,
			);
			defaultConfigurationIsVisible = 0;
			defaultConfigurationName = Release;
		};
/* End XCConfigurationList section */
	};
	rootObject = 9BF33A4728E5E40F00978D9E /* Project object */;
}
